Microsoft Visual Studio Solution File, Format Version 12.00
# Visual Studio Version 17
VisualStudioVersion = 17.5.2.0
MinimumVisualStudioVersion = 10.0.40219.1
Project("{FAE04EC0-301F-11D3-BF4B-00C04F79EFBC}") = "c-sharp-chat-room", "c-sharp-chat-room.csproj", "{8A402BC2-174F-18F7-04A2-76245FA57DBB}"
EndProject
Global
	GlobalSection(SolutionConfigurationPlatforms) = preSolution
		Debug|Any CPU = Debug|Any CPU
		Release|Any CPU = Release|Any CPU
	EndGlobalSection
	GlobalSection(ProjectConfigurationPlatforms) = postSolution
		{8A402BC2-174F-18F7-04A2-76245FA57DBB}.Debug|Any CPU.ActiveCfg = Debug|Any CPU
		{8A402BC2-174F-18F7-04A2-76245FA57DBB}.Debug|Any CPU.Build.0 = Debug|Any CPU
		{8A402BC2-174F-18F7-04A2-76245FA57DBB}.Release|Any CPU.ActiveCfg = Release|Any CPU
		{8A402BC2-174F-18F7-04A2-76245FA57DBB}.Release|Any CPU.Build.0 = Release|Any CPU
	EndGlobalSection
	GlobalSection(SolutionProperties) = preSolution
		HideSolutionNode = FALSE
	EndGlobalSection
	GlobalSection(ExtensibilityGlobals) = postSolution
		SolutionGuid = {A88175FD-FB19-48BD-986B-CF13E3CB26CC}
	EndGlobalSection
EndGlobal
